// !$*UTF8*$!
{
	archiveVersion = 1;
	classes = {
	};
	objectVersion = 56;
	objects = {

/* Begin PBXBuildFile section */
		2016A6CE2A1A4D3800547D20 /* MoviesSDK.docc in Sources */ = {isa = PBXBuildFile; fileRef = 2016A6CD2A1A4D3800547D20 /* MoviesSDK.docc */; };
		2016A6D42A1A4D3900547D20 /* MoviesSDK.framework in Frameworks */ = {isa = PBXBuildFile; fileRef = 2016A6C92A1A4D3800547D20 /* MoviesSDK.framework */; };
		2016A6D92A1A4D3900547D20 /* MoviesSDKTests.swift in Sources */ = {isa = PBXBuildFile; fileRef = 2016A6D82A1A4D3900547D20 /* MoviesSDKTests.swift */; };
		2016A6DA2A1A4D3900547D20 /* MoviesSDK.h in Headers */ = {isa = PBXBuildFile; fileRef = 2016A6CC2A1A4D3800547D20 /* MoviesSDK.h */; settings = {ATTRIBUTES = (Public, ); }; };
		2016A6E62A1A5E8200547D20 /* URLSessionProtocol.swift in Sources */ = {isa = PBXBuildFile; fileRef = 2016A6E52A1A5E8200547D20 /* URLSessionProtocol.swift */; };
		2016A6E82A1A5F4F00547D20 /* NetworkProvider.swift in Sources */ = {isa = PBXBuildFile; fileRef = 2016A6E72A1A5F4F00547D20 /* NetworkProvider.swift */; };
		2016A6EB2A1A5FA100547D20 /* Enums.swift in Sources */ = {isa = PBXBuildFile; fileRef = 2016A6EA2A1A5FA100547D20 /* Enums.swift */; };
		20C3719A2A1A87920071B6BE /* NetworkManager.swift in Sources */ = {isa = PBXBuildFile; fileRef = 20C371992A1A87920071B6BE /* NetworkManager.swift */; };
		20C3719D2A1A8B960071B6BE /* Dictionary.swift in Sources */ = {isa = PBXBuildFile; fileRef = 20C3719C2A1A8B960071B6BE /* Dictionary.swift */; };
		20C3719F2A1A8BA30071B6BE /* Codable.swift in Sources */ = {isa = PBXBuildFile; fileRef = 20C3719E2A1A8BA30071B6BE /* Codable.swift */; };
		20C371A22A1A9F050071B6BE /* UpcomingReleasesRQ.swift in Sources */ = {isa = PBXBuildFile; fileRef = 20C371A12A1A9F050071B6BE /* UpcomingReleasesRQ.swift */; };
		20C371A42A1AA3180071B6BE /* UpcomingReleasesRS.swift in Sources */ = {isa = PBXBuildFile; fileRef = 20C371A32A1AA3180071B6BE /* UpcomingReleasesRS.swift */; };
		20C371A62A1AB3BD0071B6BE /* Constants.swift in Sources */ = {isa = PBXBuildFile; fileRef = 20C371A52A1AB3BD0071B6BE /* Constants.swift */; };
		20C371A92A1AB6CE0071B6BE /* MoviesSDKInteractor.swift in Sources */ = {isa = PBXBuildFile; fileRef = 20C371A82A1AB6CE0071B6BE /* MoviesSDKInteractor.swift */; };
		20C371AC2A1AB7530071B6BE /* MoviesSDKPresenter.swift in Sources */ = {isa = PBXBuildFile; fileRef = 20C371AB2A1AB7530071B6BE /* MoviesSDKPresenter.swift */; };
		20C371AE2A1AB8080071B6BE /* MoviesSDK.swift in Sources */ = {isa = PBXBuildFile; fileRef = 20C371AD2A1AB8080071B6BE /* MoviesSDK.swift */; };
		20C371B12A1B6E310071B6BE /* UpcomingReleases.swift in Sources */ = {isa = PBXBuildFile; fileRef = 20C371B02A1B6E310071B6BE /* UpcomingReleases.swift */; };
		20C371B32A1B73560071B6BE /* MovieInfo.swift in Sources */ = {isa = PBXBuildFile; fileRef = 20C371B22A1B73560071B6BE /* MovieInfo.swift */; };
/* End PBXBuildFile section */

/* Begin PBXContainerItemProxy section */
		2016A6D52A1A4D3900547D20 /* PBXContainerItemProxy */ = {
			isa = PBXContainerItemProxy;
			containerPortal = 2016A6C02A1A4D3800547D20 /* Project object */;
			proxyType = 1;
			remoteGlobalIDString = 2016A6C82A1A4D3800547D20;
			remoteInfo = MoviesSDK;
		};
/* End PBXContainerItemProxy section */

/* Begin PBXFileReference section */
		2016A6C92A1A4D3800547D20 /* MoviesSDK.framework */ = {isa = PBXFileReference; explicitFileType = wrapper.framework; includeInIndex = 0; path = MoviesSDK.framework; sourceTree = BUILT_PRODUCTS_DIR; };
		2016A6CC2A1A4D3800547D20 /* MoviesSDK.h */ = {isa = PBXFileReference; lastKnownFileType = sourcecode.c.h; path = MoviesSDK.h; sourceTree = "<group>"; };
		2016A6CD2A1A4D3800547D20 /* MoviesSDK.docc */ = {isa = PBXFileReference; lastKnownFileType = folder.documentationcatalog; path = MoviesSDK.docc; sourceTree = "<group>"; };
		2016A6D32A1A4D3900547D20 /* MoviesSDKTests.xctest */ = {isa = PBXFileReference; explicitFileType = wrapper.cfbundle; includeInIndex = 0; path = MoviesSDKTests.xctest; sourceTree = BUILT_PRODUCTS_DIR; };
		2016A6D82A1A4D3900547D20 /* MoviesSDKTests.swift */ = {isa = PBXFileReference; lastKnownFileType = sourcecode.swift; path = MoviesSDKTests.swift; sourceTree = "<group>"; };
		2016A6E52A1A5E8200547D20 /* URLSessionProtocol.swift */ = {isa = PBXFileReference; lastKnownFileType = sourcecode.swift; path = URLSessionProtocol.swift; sourceTree = "<group>"; };
		2016A6E72A1A5F4F00547D20 /* NetworkProvider.swift */ = {isa = PBXFileReference; lastKnownFileType = sourcecode.swift; path = NetworkProvider.swift; sourceTree = "<group>"; };
		2016A6EA2A1A5FA100547D20 /* Enums.swift */ = {isa = PBXFileReference; lastKnownFileType = sourcecode.swift; path = Enums.swift; sourceTree = "<group>"; };
		20C371992A1A87920071B6BE /* NetworkManager.swift */ = {isa = PBXFileReference; lastKnownFileType = sourcecode.swift; path = NetworkManager.swift; sourceTree = "<group>"; };
		20C3719C2A1A8B960071B6BE /* Dictionary.swift */ = {isa = PBXFileReference; lastKnownFileType = sourcecode.swift; path = Dictionary.swift; sourceTree = "<group>"; };
		20C3719E2A1A8BA30071B6BE /* Codable.swift */ = {isa = PBXFileReference; lastKnownFileType = sourcecode.swift; path = Codable.swift; sourceTree = "<group>"; };
		20C371A12A1A9F050071B6BE /* UpcomingReleasesRQ.swift */ = {isa = PBXFileReference; lastKnownFileType = sourcecode.swift; path = UpcomingReleasesRQ.swift; sourceTree = "<group>"; };
		20C371A32A1AA3180071B6BE /* UpcomingReleasesRS.swift */ = {isa = PBXFileReference; lastKnownFileType = sourcecode.swift; path = UpcomingReleasesRS.swift; sourceTree = "<group>"; };
		20C371A52A1AB3BD0071B6BE /* Constants.swift */ = {isa = PBXFileReference; lastKnownFileType = sourcecode.swift; path = Constants.swift; sourceTree = "<group>"; };
		20C371A82A1AB6CE0071B6BE /* MoviesSDKInteractor.swift */ = {isa = PBXFileReference; lastKnownFileType = sourcecode.swift; path = MoviesSDKInteractor.swift; sourceTree = "<group>"; };
		20C371AB2A1AB7530071B6BE /* MoviesSDKPresenter.swift */ = {isa = PBXFileReference; lastKnownFileType = sourcecode.swift; path = MoviesSDKPresenter.swift; sourceTree = "<group>"; };
		20C371AD2A1AB8080071B6BE /* MoviesSDK.swift */ = {isa = PBXFileReference; lastKnownFileType = sourcecode.swift; path = MoviesSDK.swift; sourceTree = "<group>"; };
		20C371B02A1B6E310071B6BE /* UpcomingReleases.swift */ = {isa = PBXFileReference; lastKnownFileType = sourcecode.swift; path = UpcomingReleases.swift; sourceTree = "<group>"; };
		20C371B22A1B73560071B6BE /* MovieInfo.swift */ = {isa = PBXFileReference; lastKnownFileType = sourcecode.swift; path = MovieInfo.swift; sourceTree = "<group>"; };
/* End PBXFileReference section */

/* Begin PBXFrameworksBuildPhase section */
		2016A6C62A1A4D3800547D20 /* Frameworks */ = {
			isa = PBXFrameworksBuildPhase;
			buildActionMask = 2147483647;
			files = (
			);
			runOnlyForDeploymentPostprocessing = 0;
		};
		2016A6D02A1A4D3900547D20 /* Frameworks */ = {
			isa = PBXFrameworksBuildPhase;
			buildActionMask = 2147483647;
			files = (
				2016A6D42A1A4D3900547D20 /* MoviesSDK.framework in Frameworks */,
			);
			runOnlyForDeploymentPostprocessing = 0;
		};
/* End PBXFrameworksBuildPhase section */

/* Begin PBXGroup section */
		2016A6BF2A1A4D3800547D20 = {
			isa = PBXGroup;
			children = (
				2016A6CB2A1A4D3800547D20 /* MoviesSDK */,
				2016A6D72A1A4D3900547D20 /* MoviesSDKTests */,
				2016A6CA2A1A4D3800547D20 /* Products */,
			);
			sourceTree = "<group>";
		};
		2016A6CA2A1A4D3800547D20 /* Products */ = {
			isa = PBXGroup;
			children = (
				2016A6C92A1A4D3800547D20 /* MoviesSDK.framework */,
				2016A6D32A1A4D3900547D20 /* MoviesSDKTests.xctest */,
			);
			name = Products;
			sourceTree = "<group>";
		};
		2016A6CB2A1A4D3800547D20 /* MoviesSDK */ = {
			isa = PBXGroup;
			children = (
				20C371AF2A1B6E140071B6BE /* Models */,
				20C371AA2A1AB7210071B6BE /* Presenter */,
				20C371A72A1AB6AC0071B6BE /* Interactor */,
				2016A6E92A1A5F9400547D20 /* Common */,
				2016A6E32A1A5E4A00547D20 /* Networking */,
				2016A6CC2A1A4D3800547D20 /* MoviesSDK.h */,
				2016A6CD2A1A4D3800547D20 /* MoviesSDK.docc */,
				20C371AD2A1AB8080071B6BE /* MoviesSDK.swift */,
			);
			path = MoviesSDK;
			sourceTree = "<group>";
		};
		2016A6D72A1A4D3900547D20 /* MoviesSDKTests */ = {
			isa = PBXGroup;
			children = (
				2016A6D82A1A4D3900547D20 /* MoviesSDKTests.swift */,
			);
			path = MoviesSDKTests;
			sourceTree = "<group>";
		};
		2016A6E32A1A5E4A00547D20 /* Networking */ = {
			isa = PBXGroup;
			children = (
				20C371A02A1A9C160071B6BE /* Models */,
				2016A6E42A1A5E6500547D20 /* Protocols */,
				20C371992A1A87920071B6BE /* NetworkManager.swift */,
			);
			path = Networking;
			sourceTree = "<group>";
		};
		2016A6E42A1A5E6500547D20 /* Protocols */ = {
			isa = PBXGroup;
			children = (
				2016A6E52A1A5E8200547D20 /* URLSessionProtocol.swift */,
				2016A6E72A1A5F4F00547D20 /* NetworkProvider.swift */,
			);
			path = Protocols;
			sourceTree = "<group>";
		};
		2016A6E92A1A5F9400547D20 /* Common */ = {
			isa = PBXGroup;
			children = (
				20C3719B2A1A8B730071B6BE /* Extensions */,
				2016A6EA2A1A5FA100547D20 /* Enums.swift */,
				20C371A52A1AB3BD0071B6BE /* Constants.swift */,
			);
			path = Common;
			sourceTree = "<group>";
		};
		20C3719B2A1A8B730071B6BE /* Extensions */ = {
			isa = PBXGroup;
			children = (
				20C3719C2A1A8B960071B6BE /* Dictionary.swift */,
				20C3719E2A1A8BA30071B6BE /* Codable.swift */,
			);
			path = Extensions;
			sourceTree = "<group>";
		};
		20C371A02A1A9C160071B6BE /* Models */ = {
			isa = PBXGroup;
			children = (
				20C371A12A1A9F050071B6BE /* UpcomingReleasesRQ.swift */,
				20C371A32A1AA3180071B6BE /* UpcomingReleasesRS.swift */,
			);
			path = Models;
			sourceTree = "<group>";
		};
		20C371A72A1AB6AC0071B6BE /* Interactor */ = {
			isa = PBXGroup;
			children = (
				20C371A82A1AB6CE0071B6BE /* MoviesSDKInteractor.swift */,
			);
			path = Interactor;
			sourceTree = "<group>";
		};
		20C371AA2A1AB7210071B6BE /* Presenter */ = {
			isa = PBXGroup;
			children = (
				20C371AB2A1AB7530071B6BE /* MoviesSDKPresenter.swift */,
			);
			path = Presenter;
			sourceTree = "<group>";
		};
		20C371AF2A1B6E140071B6BE /* Models */ = {
			isa = PBXGroup;
			children = (
				20C371B02A1B6E310071B6BE /* UpcomingReleases.swift */,
				20C371B22A1B73560071B6BE /* MovieInfo.swift */,
			);
			path = Models;
			sourceTree = "<group>";
		};
/* End PBXGroup section */

/* Begin PBXHeadersBuildPhase section */
		2016A6C42A1A4D3800547D20 /* Headers */ = {
			isa = PBXHeadersBuildPhase;
			buildActionMask = 2147483647;
			files = (
				2016A6DA2A1A4D3900547D20 /* MoviesSDK.h in Headers */,
			);
			runOnlyForDeploymentPostprocessing = 0;
		};
/* End PBXHeadersBuildPhase section */

/* Begin PBXNativeTarget section */
		2016A6C82A1A4D3800547D20 /* MoviesSDK */ = {
			isa = PBXNativeTarget;
			buildConfigurationList = 2016A6DD2A1A4D3900547D20 /* Build configuration list for PBXNativeTarget "MoviesSDK" */;
			buildPhases = (
				2016A6C42A1A4D3800547D20 /* Headers */,
				2016A6C52A1A4D3800547D20 /* Sources */,
				2016A6C62A1A4D3800547D20 /* Frameworks */,
				2016A6C72A1A4D3800547D20 /* Resources */,
			);
			buildRules = (
			);
			dependencies = (
			);
			name = MoviesSDK;
			productName = MoviesSDK;
			productReference = 2016A6C92A1A4D3800547D20 /* MoviesSDK.framework */;
			productType = "com.apple.product-type.framework";
		};
		2016A6D22A1A4D3900547D20 /* MoviesSDKTests */ = {
			isa = PBXNativeTarget;
			buildConfigurationList = 2016A6E02A1A4D3900547D20 /* Build configuration list for PBXNativeTarget "MoviesSDKTests" */;
			buildPhases = (
				2016A6CF2A1A4D3900547D20 /* Sources */,
				2016A6D02A1A4D3900547D20 /* Frameworks */,
				2016A6D12A1A4D3900547D20 /* Resources */,
			);
			buildRules = (
			);
			dependencies = (
				2016A6D62A1A4D3900547D20 /* PBXTargetDependency */,
			);
			name = MoviesSDKTests;
			productName = MoviesSDKTests;
			productReference = 2016A6D32A1A4D3900547D20 /* MoviesSDKTests.xctest */;
			productType = "com.apple.product-type.bundle.unit-test";
		};
/* End PBXNativeTarget section */

/* Begin PBXProject section */
		2016A6C02A1A4D3800547D20 /* Project object */ = {
			isa = PBXProject;
			attributes = {
				BuildIndependentTargetsInParallel = 1;
				LastSwiftUpdateCheck = 1420;
				LastUpgradeCheck = 1420;
				TargetAttributes = {
					2016A6C82A1A4D3800547D20 = {
						CreatedOnToolsVersion = 14.2;
					};
					2016A6D22A1A4D3900547D20 = {
						CreatedOnToolsVersion = 14.2;
					};
				};
			};
			buildConfigurationList = 2016A6C32A1A4D3800547D20 /* Build configuration list for PBXProject "MoviesSDK" */;
			compatibilityVersion = "Xcode 14.0";
			developmentRegion = en;
			hasScannedForEncodings = 0;
			knownRegions = (
				en,
				Base,
			);
			mainGroup = 2016A6BF2A1A4D3800547D20;
			productRefGroup = 2016A6CA2A1A4D3800547D20 /* Products */;
			projectDirPath = "";
			projectRoot = "";
			targets = (
				2016A6C82A1A4D3800547D20 /* MoviesSDK */,
				2016A6D22A1A4D3900547D20 /* MoviesSDKTests */,
			);
		};
/* End PBXProject section */

/* Begin PBXResourcesBuildPhase section */
		2016A6C72A1A4D3800547D20 /* Resources */ = {
			isa = PBXResourcesBuildPhase;
			buildActionMask = 2147483647;
			files = (
			);
			runOnlyForDeploymentPostprocessing = 0;
		};
		2016A6D12A1A4D3900547D20 /* Resources */ = {
			isa = PBXResourcesBuildPhase;
			buildActionMask = 2147483647;
			files = (
			);
			runOnlyForDeploymentPostprocessing = 0;
		};
/* End PBXResourcesBuildPhase section */

/* Begin PBXSourcesBuildPhase section */
		2016A6C52A1A4D3800547D20 /* Sources */ = {
			isa = PBXSourcesBuildPhase;
			buildActionMask = 2147483647;
			files = (
				20C371AE2A1AB8080071B6BE /* MoviesSDK.swift in Sources */,
				2016A6E62A1A5E8200547D20 /* URLSessionProtocol.swift in Sources */,
				2016A6CE2A1A4D3800547D20 /* MoviesSDK.docc in Sources */,
				20C371A92A1AB6CE0071B6BE /* MoviesSDKInteractor.swift in Sources */,
				20C3719A2A1A87920071B6BE /* NetworkManager.swift in Sources */,
				20C371AC2A1AB7530071B6BE /* MoviesSDKPresenter.swift in Sources */,
				2016A6EB2A1A5FA100547D20 /* Enums.swift in Sources */,
				20C371A22A1A9F050071B6BE /* UpcomingReleasesRQ.swift in Sources */,
				20C371A62A1AB3BD0071B6BE /* Constants.swift in Sources */,
				20C371B12A1B6E310071B6BE /* UpcomingReleases.swift in Sources */,
				20C3719F2A1A8BA30071B6BE /* Codable.swift in Sources */,
				2016A6E82A1A5F4F00547D20 /* NetworkProvider.swift in Sources */,
				20C371A42A1AA3180071B6BE /* UpcomingReleasesRS.swift in Sources */,
				20C3719D2A1A8B960071B6BE /* Dictionary.swift in Sources */,
				20C371B32A1B73560071B6BE /* MovieInfo.swift in Sources */,
			);
			runOnlyForDeploymentPostprocessing = 0;
		};
		2016A6CF2A1A4D3900547D20 /* Sources */ = {
			isa = PBXSourcesBuildPhase;
			buildActionMask = 2147483647;
			files = (
				2016A6D92A1A4D3900547D20 /* MoviesSDKTests.swift in Sources */,
			);
			runOnlyForDeploymentPostprocessing = 0;
		};
/* End PBXSourcesBuildPhase section */

/* Begin PBXTargetDependency section */
		2016A6D62A1A4D3900547D20 /* PBXTargetDependency */ = {
			isa = PBXTargetDependency;
			target = 2016A6C82A1A4D3800547D20 /* MoviesSDK */;
			targetProxy = 2016A6D52A1A4D3900547D20 /* PBXContainerItemProxy */;
		};
/* End PBXTargetDependency section */

/* Begin XCBuildConfiguration section */
		2016A6DB2A1A4D3900547D20 /* Debug */ = {
			isa = XCBuildConfiguration;
			buildSettings = {
				ALWAYS_SEARCH_USER_PATHS = NO;
				CLANG_ANALYZER_NONNULL = YES;
				CLANG_ANALYZER_NUMBER_OBJECT_CONVERSION = YES_AGGRESSIVE;
				CLANG_CXX_LANGUAGE_STANDARD = "gnu++20";
				CLANG_ENABLE_MODULES = YES;
				CLANG_ENABLE_OBJC_ARC = YES;
				CLANG_ENABLE_OBJC_WEAK = YES;
				CLANG_WARN_BLOCK_CAPTURE_AUTORELEASING = YES;
				CLANG_WARN_BOOL_CONVERSION = YES;
				CLANG_WARN_COMMA = YES;
				CLANG_WARN_CONSTANT_CONVERSION = YES;
				CLANG_WARN_DEPRECATED_OBJC_IMPLEMENTATIONS = YES;
				CLANG_WARN_DIRECT_OBJC_ISA_USAGE = YES_ERROR;
				CLANG_WARN_DOCUMENTATION_COMMENTS = YES;
				CLANG_WARN_EMPTY_BODY = YES;
				CLANG_WARN_ENUM_CONVERSION = YES;
				CLANG_WARN_INFINITE_RECURSION = YES;
				CLANG_WARN_INT_CONVERSION = YES;
				CLANG_WARN_NON_LITERAL_NULL_CONVERSION = YES;
				CLANG_WARN_OBJC_IMPLICIT_RETAIN_SELF = YES;
				CLANG_WARN_OBJC_LITERAL_CONVERSION = YES;
				CLANG_WARN_OBJC_ROOT_CLASS = YES_ERROR;
				CLANG_WARN_QUOTED_INCLUDE_IN_FRAMEWORK_HEADER = YES;
				CLANG_WARN_RANGE_LOOP_ANALYSIS = YES;
				CLANG_WARN_STRICT_PROTOTYPES = YES;
				CLANG_WARN_SUSPICIOUS_MOVE = YES;
				CLANG_WARN_UNGUARDED_AVAILABILITY = YES_AGGRESSIVE;
				CLANG_WARN_UNREACHABLE_CODE = YES;
				CLANG_WARN__DUPLICATE_METHOD_MATCH = YES;
				COPY_PHASE_STRIP = NO;
				CURRENT_PROJECT_VERSION = 1;
				DEBUG_INFORMATION_FORMAT = dwarf;
				ENABLE_STRICT_OBJC_MSGSEND = YES;
				ENABLE_TESTABILITY = YES;
				GCC_C_LANGUAGE_STANDARD = gnu11;
				GCC_DYNAMIC_NO_PIC = NO;
				GCC_NO_COMMON_BLOCKS = YES;
				GCC_OPTIMIZATION_LEVEL = 0;
				GCC_PREPROCESSOR_DEFINITIONS = (
					"DEBUG=1",
					"$(inherited)",
				);
				GCC_WARN_64_TO_32_BIT_CONVERSION = YES;
				GCC_WARN_ABOUT_RETURN_TYPE = YES_ERROR;
				GCC_WARN_UNDECLARED_SELECTOR = YES;
				GCC_WARN_UNINITIALIZED_AUTOS = YES_AGGRESSIVE;
				GCC_WARN_UNUSED_FUNCTION = YES;
				GCC_WARN_UNUSED_VARIABLE = YES;
				IPHONEOS_DEPLOYMENT_TARGET = 16.2;
				MTL_ENABLE_DEBUG_INFO = INCLUDE_SOURCE;
				MTL_FAST_MATH = YES;
				ONLY_ACTIVE_ARCH = YES;
				SDKROOT = iphoneos;
				SWIFT_ACTIVE_COMPILATION_CONDITIONS = DEBUG;
				SWIFT_OPTIMIZATION_LEVEL = "-Onone";
				VERSIONING_SYSTEM = "apple-generic";
				VERSION_INFO_PREFIX = "";
			};
			name = Debug;
		};
		2016A6DC2A1A4D3900547D20 /* Release */ = {
			isa = XCBuildConfiguration;
			buildSettings = {
				ALWAYS_SEARCH_USER_PATHS = NO;
				CLANG_ANALYZER_NONNULL = YES;
				CLANG_ANALYZER_NUMBER_OBJECT_CONVERSION = YES_AGGRESSIVE;
				CLANG_CXX_LANGUAGE_STANDARD = "gnu++20";
				CLANG_ENABLE_MODULES = YES;
				CLANG_ENABLE_OBJC_ARC = YES;
				CLANG_ENABLE_OBJC_WEAK = YES;
				CLANG_WARN_BLOCK_CAPTURE_AUTORELEASING = YES;
				CLANG_WARN_BOOL_CONVERSION = YES;
				CLANG_WARN_COMMA = YES;
				CLANG_WARN_CONSTANT_CONVERSION = YES;
				CLANG_WARN_DEPRECATED_OBJC_IMPLEMENTATIONS = YES;
				CLANG_WARN_DIRECT_OBJC_ISA_USAGE = YES_ERROR;
				CLANG_WARN_DOCUMENTATION_COMMENTS = YES;
				CLANG_WARN_EMPTY_BODY = YES;
				CLANG_WARN_ENUM_CONVERSION = YES;
				CLANG_WARN_INFINITE_RECURSION = YES;
				CLANG_WARN_INT_CONVERSION = YES;
				CLANG_WARN_NON_LITERAL_NULL_CONVERSION = YES;
				CLANG_WARN_OBJC_IMPLICIT_RETAIN_SELF = YES;
				CLANG_WARN_OBJC_LITERAL_CONVERSION = YES;
				CLANG_WARN_OBJC_ROOT_CLASS = YES_ERROR;
				CLANG_WARN_QUOTED_INCLUDE_IN_FRAMEWORK_HEADER = YES;
				CLANG_WARN_RANGE_LOOP_ANALYSIS = YES;
				CLANG_WARN_STRICT_PROTOTYPES = YES;
				CLANG_WARN_SUSPICIOUS_MOVE = YES;
				CLANG_WARN_UNGUARDED_AVAILABILITY = YES_AGGRESSIVE;
				CLANG_WARN_UNREACHABLE_CODE = YES;
				CLANG_WARN__DUPLICATE_METHOD_MATCH = YES;
				COPY_PHASE_STRIP = NO;
				CURRENT_PROJECT_VERSION = 1;
				DEBUG_INFORMATION_FORMAT = "dwarf-with-dsym";
				ENABLE_NS_ASSERTIONS = NO;
				ENABLE_STRICT_OBJC_MSGSEND = YES;
				GCC_C_LANGUAGE_STANDARD = gnu11;
				GCC_NO_COMMON_BLOCKS = YES;
				GCC_WARN_64_TO_32_BIT_CONVERSION = YES;
				GCC_WARN_ABOUT_RETURN_TYPE = YES_ERROR;
				GCC_WARN_UNDECLARED_SELECTOR = YES;
				GCC_WARN_UNINITIALIZED_AUTOS = YES_AGGRESSIVE;
				GCC_WARN_UNUSED_FUNCTION = YES;
				GCC_WARN_UNUSED_VARIABLE = YES;
				IPHONEOS_DEPLOYMENT_TARGET = 16.2;
				MTL_ENABLE_DEBUG_INFO = NO;
				MTL_FAST_MATH = YES;
				SDKROOT = iphoneos;
				SWIFT_COMPILATION_MODE = wholemodule;
				SWIFT_OPTIMIZATION_LEVEL = "-O";
				VALIDATE_PRODUCT = YES;
				VERSIONING_SYSTEM = "apple-generic";
				VERSION_INFO_PREFIX = "";
			};
			name = Release;
		};
		2016A6DE2A1A4D3900547D20 /* Debug */ = {
			isa = XCBuildConfiguration;
			buildSettings = {
				CODE_SIGN_STYLE = Automatic;
				CURRENT_PROJECT_VERSION = 1;
				DEFINES_MODULE = YES;
				DYLIB_COMPATIBILITY_VERSION = 1;
				DYLIB_CURRENT_VERSION = 1;
				DYLIB_INSTALL_NAME_BASE = "@rpath";
				GENERATE_INFOPLIST_FILE = YES;
				INFOPLIST_KEY_NSHumanReadableCopyright = "";
				INSTALL_PATH = "$(LOCAL_LIBRARY_DIR)/Frameworks";
				IPHONEOS_DEPLOYMENT_TARGET = 11.0;
				LD_RUNPATH_SEARCH_PATHS = (
					"$(inherited)",
					"@executable_path/Frameworks",
					"@loader_path/Frameworks",
				);
				MARKETING_VERSION = 1.0;
				PRODUCT_BUNDLE_IDENTIFIER = com.zakariafekrane.MoviesSDK;
				PRODUCT_NAME = "$(TARGET_NAME:c99extidentifier)";
				SKIP_INSTALL = YES;
				SWIFT_EMIT_LOC_STRINGS = YES;
				SWIFT_VERSION = 5.0;
				TARGETED_DEVICE_FAMILY = "1,2";
			};
			name = Debug;
		};
		2016A6DF2A1A4D3900547D20 /* Release */ = {
			isa = XCBuildConfiguration;
			buildSettings = {
				CODE_SIGN_STYLE = Automatic;
				CURRENT_PROJECT_VERSION = 1;
				DEFINES_MODULE = YES;
				DYLIB_COMPATIBILITY_VERSION = 1;
				DYLIB_CURRENT_VERSION = 1;
				DYLIB_INSTALL_NAME_BASE = "@rpath";
				GENERATE_INFOPLIST_FILE = YES;
				INFOPLIST_KEY_NSHumanReadableCopyright = "";
				INSTALL_PATH = "$(LOCAL_LIBRARY_DIR)/Frameworks";
				IPHONEOS_DEPLOYMENT_TARGET = 11.0;
				LD_RUNPATH_SEARCH_PATHS = (
					"$(inherited)",
					"@executable_path/Frameworks",
					"@loader_path/Frameworks",
				);
				MARKETING_VERSION = 1.0;
				PRODUCT_BUNDLE_IDENTIFIER = com.zakariafekrane.MoviesSDK;
				PRODUCT_NAME = "$(TARGET_NAME:c99extidentifier)";
				SKIP_INSTALL = YES;
				SWIFT_EMIT_LOC_STRINGS = YES;
				SWIFT_VERSION = 5.0;
				TARGETED_DEVICE_FAMILY = "1,2";
			};
			name = Release;
		};
		2016A6E12A1A4D3900547D20 /* Debug */ = {
			isa = XCBuildConfiguration;
			buildSettings = {
				ALWAYS_EMBED_SWIFT_STANDARD_LIBRARIES = YES;
				CODE_SIGN_STYLE = Automatic;
				CURRENT_PROJECT_VERSION = 1;
				GENERATE_INFOPLIST_FILE = YES;
				MARKETING_VERSION = 1.0;
				PRODUCT_BUNDLE_IDENTIFIER = com.zakariafekrane.MoviesSDKTests;
				PRODUCT_NAME = "$(TARGET_NAME)";
				SWIFT_EMIT_LOC_STRINGS = NO;
				SWIFT_VERSION = 5.0;
				TARGETED_DEVICE_FAMILY = "1,2";
			};
			name = Debug;
		};
		2016A6E22A1A4D3900547D20 /* Release */ = {
			isa = XCBuildConfiguration;
			buildSettings = {
				ALWAYS_EMBED_SWIFT_STANDARD_LIBRARIES = YES;
				CODE_SIGN_STYLE = Automatic;
				CURRENT_PROJECT_VERSION = 1;
				GENERATE_INFOPLIST_FILE = YES;
				MARKETING_VERSION = 1.0;
				PRODUCT_BUNDLE_IDENTIFIER = com.zakariafekrane.MoviesSDKTests;
				PRODUCT_NAME = "$(TARGET_NAME)";
				SWIFT_EMIT_LOC_STRINGS = NO;
				SWIFT_VERSION = 5.0;
				TARGETED_DEVICE_FAMILY = "1,2";
			};
			name = Release;
		};
/* End XCBuildConfiguration section */

/* Begin XCConfigurationList section */
		2016A6C32A1A4D3800547D20 /* Build configuration list for PBXProject "MoviesSDK" */ = {
			isa = XCConfigurationList;
			buildConfigurations = (
				2016A6DB2A1A4D3900547D20 /* Debug */,
				2016A6DC2A1A4D3900547D20 /* Release */,
			);
			defaultConfigurationIsVisible = 0;
			defaultConfigurationName = Release;
		};
		2016A6DD2A1A4D3900547D20 /* Build configuration list for PBXNativeTarget "MoviesSDK" */ = {
			isa = XCConfigurationList;
			buildConfigurations = (
				2016A6DE2A1A4D3900547D20 /* Debug */,
				2016A6DF2A1A4D3900547D20 /* Release */,
			);
			defaultConfigurationIsVisible = 0;
			defaultConfigurationName = Release;
		};
		2016A6E02A1A4D3900547D20 /* Build configuration list for PBXNativeTarget "MoviesSDKTests" */ = {
			isa = XCConfigurationList;
			buildConfigurations = (
				2016A6E12A1A4D3900547D20 /* Debug */,
				2016A6E22A1A4D3900547D20 /* Release */,
			);
			defaultConfigurationIsVisible = 0;
			defaultConfigurationName = Release;
		};
/* End XCConfigurationList section */
	};
	rootObject = 2016A6C02A1A4D3800547D20 /* Project object */;
}
